// !$*UTF8*$!
{
	archiveVersion = 1;
	classes = {
	};
	objectVersion = 46;
	objects = {

/* Begin PBXBuildFile section */
		7DF78527159CC7020076E8DE /* UIKit.framework in Frameworks */ = {isa = PBXBuildFile; fileRef = 7DF78526159CC7020076E8DE /* UIKit.framework */; };
		7DF78529159CC7020076E8DE /* Foundation.framework in Frameworks */ = {isa = PBXBuildFile; fileRef = 7DF78528159CC7020076E8DE /* Foundation.framework */; };
		7DF7852B159CC7020076E8DE /* CoreGraphics.framework in Frameworks */ = {isa = PBXBuildFile; fileRef = 7DF7852A159CC7020076E8DE /* CoreGraphics.framework */; };
		7DF78531159CC7020076E8DE /* InfoPlist.strings in Resources */ = {isa = PBXBuildFile; fileRef = 7DF7852F159CC7020076E8DE /* InfoPlist.strings */; };
		7DF78533159CC7020076E8DE /* main.m in Sources */ = {isa = PBXBuildFile; fileRef = 7DF78532159CC7020076E8DE /* main.m */; };
		7DF78537159CC7020076E8DE /* CalculatorAppDelegate.m in Sources */ = {isa = PBXBuildFile; fileRef = 7DF78536159CC7020076E8DE /* CalculatorAppDelegate.m */; };
		7DF7853A159CC7020076E8DE /* MainStoryboard.storyboard in Resources */ = {isa = PBXBuildFile; fileRef = 7DF78538159CC7020076E8DE /* MainStoryboard.storyboard */; };
		7DF7853D159CC7020076E8DE /* CalculatorViewController.m in Sources */ = {isa = PBXBuildFile; fileRef = 7DF7853C159CC7020076E8DE /* CalculatorViewController.m */; };
/* End PBXBuildFile section */

/* Begin PBXFileReference section */
		7DF78522159CC7020076E8DE /* Calculator.app */ = {isa = PBXFileReference; explicitFileType = wrapper.application; includeInIndex = 0; path = Calculator.app; sourceTree = BUILT_PRODUCTS_DIR; };
		7DF78526159CC7020076E8DE /* UIKit.framework */ = {isa = PBXFileReference; lastKnownFileType = wrapper.framework; name = UIKit.framework; path = System/Library/Frameworks/UIKit.framework; sourceTree = SDKROOT; };
		7DF78528159CC7020076E8DE /* Foundation.framework */ = {isa = PBXFileReference; lastKnownFileType = wrapper.framework; name = Foundation.framework; path = System/Library/Frameworks/Foundation.framework; sourceTree = SDKROOT; };
		7DF7852A159CC7020076E8DE /* CoreGraphics.framework */ = {isa = PBXFileReference; lastKnownFileType = wrapper.framework; name = CoreGraphics.framework; path = System/Library/Frameworks/CoreGraphics.framework; sourceTree = SDKROOT; };
		7DF7852E159CC7020076E8DE /* Calculator-Info.plist */ = {isa = PBXFileReference; path = "Calculator-Info.plist"; sourceTree = "<group>"; };
		7DF78530159CC7020076E8DE /* en */ = {isa = PBXFileReference; lastKnownFileType = text.plist.strings; name = en; path = en.lproj/InfoPlist.strings; sourceTree = "<group>"; };
		7DF78532159CC7020076E8DE /* main.m */ = {isa = PBXFileReference; lastKnownFileType = sourcecode.c.objc; path = main.m; sourceTree = "<group>"; };
		7DF78534159CC7020076E8DE /* Calculator-Prefix.pch */ = {isa = PBXFileReference; path = "Calculator-Prefix.pch"; sourceTree = "<group>"; };
		7DF78535159CC7020076E8DE /* CalculatorAppDelegate.h */ = {isa = PBXFileReference; path = CalculatorAppDelegate.h; sourceTree = "<group>"; };
		7DF78536159CC7020076E8DE /* CalculatorAppDelegate.m */ = {isa = PBXFileReference; lastKnownFileType = sourcecode.c.objc; path = CalculatorAppDelegate.m; sourceTree = "<group>"; };
		7DF78539159CC7020076E8DE /* en */ = {isa = PBXFileReference; lastKnownFileType = file.storyboard; name = en; path = en.lproj/MainStoryboard.storyboard; sourceTree = "<group>"; };
		7DF7853B159CC7020076E8DE /* CalculatorViewController.h */ = {isa = PBXFileReference; path = CalculatorViewController.h; sourceTree = "<group>"; };
		7DF7853C159CC7020076E8DE /* CalculatorViewController.m */ = {isa = PBXFileReference; lastKnownFileType = sourcecode.c.objc; path = CalculatorViewController.m; sourceTree = "<group>"; };
/* End PBXFileReference section */

/* Begin PBXFrameworksBuildPhase section */
		7DF7851F159CC7020076E8DE /* Frameworks */ = {
			isa = PBXFrameworksBuildPhase;
			buildActionMask = 2147483647;
			files = (
				7DF78527159CC7020076E8DE /* UIKit.framework in Frameworks */,
				7DF78529159CC7020076E8DE /* Foundation.framework in Frameworks */,
				7DF7852B159CC7020076E8DE /* CoreGraphics.framework in Frameworks */,
			);
			runOnlyForDeploymentPostprocessing = 0;
		};
/* End PBXFrameworksBuildPhase section */

/* Begin PBXGroup section */
		7DF78517159CC7020076E8DE = {
			isa = PBXGroup;
			children = (
				7DF7852C159CC7020076E8DE /* Calculator */,
				7DF78525159CC7020076E8DE /* Frameworks */,
				7DF78523159CC7020076E8DE /* Products */,
			);
			sourceTree = "<group>";
		};
		7DF78523159CC7020076E8DE /* Products */ = {
			isa = PBXGroup;
			children = (
				7DF78522159CC7020076E8DE /* Calculator.app */,
			);
			name = Products;
			sourceTree = "<group>";
		};
		7DF78525159CC7020076E8DE /* Frameworks */ = {
			isa = PBXGroup;
			children = (
				7DF78526159CC7020076E8DE /* UIKit.framework */,
				7DF78528159CC7020076E8DE /* Foundation.framework */,
				7DF7852A159CC7020076E8DE /* CoreGraphics.framework */,
			);
			name = Frameworks;
			sourceTree = "<group>";
		};
		7DF7852C159CC7020076E8DE /* Calculator */ = {
			isa = PBXGroup;
			children = (
				7DF78535159CC7020076E8DE /* CalculatorAppDelegate.h */,
				7DF78536159CC7020076E8DE /* CalculatorAppDelegate.m */,
				7DF78538159CC7020076E8DE /* MainStoryboard.storyboard */,
				7DF7853B159CC7020076E8DE /* CalculatorViewController.h */,
				7DF7853C159CC7020076E8DE /* CalculatorViewController.m */,
				7DF7852D159CC7020076E8DE /* Supporting Files */,
			);
			path = Calculator;
			sourceTree = "<group>";
		};
		7DF7852D159CC7020076E8DE /* Supporting Files */ = {
			isa = PBXGroup;
			children = (
				7DF7852E159CC7020076E8DE /* Calculator-Info.plist */,
				7DF7852F159CC7020076E8DE /* InfoPlist.strings */,
				7DF78532159CC7020076E8DE /* main.m */,
				7DF78534159CC7020076E8DE /* Calculator-Prefix.pch */,
			);
			name = "Supporting Files";
			sourceTree = "<group>";
		};
/* End PBXGroup section */

/* Begin PBXNativeTarget section */
		7DF78521159CC7020076E8DE /* Calculator */ = {
			isa = PBXNativeTarget;
			buildConfigurationList = 7DF78540159CC7020076E8DE /* Build configuration list for PBXNativeTarget "Calculator" */;
			buildPhases = (
				7DF7851E159CC7020076E8DE /* Sources */,
				7DF7851F159CC7020076E8DE /* Frameworks */,
				7DF78520159CC7020076E8DE /* Resources */,
			);
			buildRules = (
			);
			dependencies = (
			);
			name = Calculator;
			productName = Calculator;
			productReference = 7DF78522159CC7020076E8DE /* Calculator.app */;
			productType = "com.apple.product-type.application";
		};
/* End PBXNativeTarget section */

/* Begin PBXProject section */
		7DF78519159CC7020076E8DE /* Project object */ = {
			isa = PBXProject;
			attributes = {
				CLASSPREFIX = Calculator;
				LastUpgradeCheck = 0430;
				ORGANIZATIONNAME = SAS;
			};
			buildConfigurationList = 7DF7851C159CC7020076E8DE /* Build configuration list for PBXProject "Calculator" */;
			compatibilityVersion = "Xcode 3.2";
			developmentRegion = English;
			hasScannedForEncodings = 0;
			knownRegions = (
				en,
			);
			mainGroup = 7DF78517159CC7020076E8DE;
			productRefGroup = 7DF78523159CC7020076E8DE /* Products */;
			projectDirPath = "";
			projectRoot = "";
			targets = (
				7DF78521159CC7020076E8DE /* Calculator */,
			);
		};
/* End PBXProject section */

/* Begin PBXResourcesBuildPhase section */
		7DF78520159CC7020076E8DE /* Resources */ = {
			isa = PBXResourcesBuildPhase;
			buildActionMask = 2147483647;
			files = (
				7DF78531159CC7020076E8DE /* InfoPlist.strings in Resources */,
				7DF7853A159CC7020076E8DE /* MainStoryboard.storyboard in Resources */,
			);
			runOnlyForDeploymentPostprocessing = 0;
		};
/* End PBXResourcesBuildPhase section */

/* Begin PBXSourcesBuildPhase section */
		7DF7851E159CC7020076E8DE /* Sources */ = {
			isa = PBXSourcesBuildPhase;
			buildActionMask = 2147483647;
			files = (
				7DF78533159CC7020076E8DE /* main.m in Sources */,
				7DF78537159CC7020076E8DE /* CalculatorAppDelegate.m in Sources */,
				7DF7853D159CC7020076E8DE /* CalculatorViewController.m in Sources */,
			);
			runOnlyForDeploymentPostprocessing = 0;
		};
/* End PBXSourcesBuildPhase section */

/* Begin PBXVariantGroup section */
		7DF7852F159CC7020076E8DE /* InfoPlist.strings */ = {
			isa = PBXVariantGroup;
			children = (
				7DF78530159CC7020076E8DE /* en */,
			);
			name = InfoPlist.strings;
			sourceTree = "<group>";
		};
		7DF78538159CC7020076E8DE /* MainStoryboard.storyboard */ = {
			isa = PBXVariantGroup;
			children = (
				7DF78539159CC7020076E8DE /* en */,
			);
			name = MainStoryboard.storyboard;
			sourceTree = "<group>";
		};
/* End PBXVariantGroup section */

/* Begin XCBuildConfiguration section */
		7DF7853E159CC7020076E8DE /* Debug */ = {
			isa = XCBuildConfiguration;
			buildSettings = {
				ALWAYS_SEARCH_USER_PATHS = NO;
				ARCHS = "$(ARCHS_STANDARD_32_BIT)";
				CLANG_ENABLE_OBJC_ARC = YES;
				"CODE_SIGN_IDENTITY[sdk=iphoneos*]" = "iPhone Developer";
				COPY_PHASE_STRIP = NO;
				GCC_C_LANGUAGE_STANDARD = gnu99;
				GCC_DYNAMIC_NO_PIC = NO;
				GCC_OPTIMIZATION_LEVEL = 0;
				GCC_PREPROCESSOR_DEFINITIONS = (
					"DEBUG=1",
					"$(inherited)",
				);
				GCC_SYMBOLS_PRIVATE_EXTERN = NO;
				GCC_VERSION = com.apple.compilers.llvm.clang.1_0;
				GCC_WARN_ABOUT_RETURN_TYPE = YES;
				GCC_WARN_UNINITIALIZED_AUTOS = YES;
				GCC_WARN_UNUSED_VARIABLE = YES;
				IPHONEOS_DEPLOYMENT_TARGET = 5.1;
				SDKROOT = iphoneos;
			};
			name = Debug;
		};
		7DF7853F159CC7020076E8DE /* Release */ = {
			isa = XCBuildConfiguration;
			buildSettings = {
				ALWAYS_SEARCH_USER_PATHS = NO;
				ARCHS = "$(ARCHS_STANDARD_32_BIT)";
				CLANG_ENABLE_OBJC_ARC = YES;
				"CODE_SIGN_IDENTITY[sdk=iphoneos*]" = "iPhone Developer";
				COPY_PHASE_STRIP = YES;
				GCC_C_LANGUAGE_STANDARD = gnu99;
				GCC_VERSION = com.apple.compilers.llvm.clang.1_0;
				GCC_WARN_ABOUT_RETURN_TYPE = YES;
				GCC_WARN_UNINITIALIZED_AUTOS = YES;
				GCC_WARN_UNUSED_VARIABLE = YES;
				IPHONEOS_DEPLOYMENT_TARGET = 5.1;
				OTHER_CFLAGS = "-DNS_BLOCK_ASSERTIONS=1";
				SDKROOT = iphoneos;
				VALIDATE_PRODUCT = YES;
			};
			name = Release;
		};
		7DF78541159CC7020076E8DE /* Debug */ = {
			isa = XCBuildConfiguration;
			buildSettings = {
				GCC_PRECOMPILE_PREFIX_HEADER = YES;
				GCC_PREFIX_HEADER = "Calculator/Calculator-Prefix.pch";
				INFOPLIST_FILE = "Calculator/Calculator-Info.plist";
				PRODUCT_NAME = "$(TARGET_NAME)";
				WRAPPER_EXTENSION = app;
			};
			name = Debug;
		};
		7DF78542159CC7020076E8DE /* Release */ = {
			isa = XCBuildConfiguration;
			buildSettings = {
				GCC_PRECOMPILE_PREFIX_HEADER = YES;
				GCC_PREFIX_HEADER = "Calculator/Calculator-Prefix.pch";
				INFOPLIST_FILE = "Calculator/Calculator-Info.plist";
				PRODUCT_NAME = "$(TARGET_NAME)";
				WRAPPER_EXTENSION = app;
			};
			name = Release;
		};
/* End XCBuildConfiguration section */

/* Begin XCConfigurationList section */
		7DF7851C159CC7020076E8DE /* Build configuration list for PBXProject "Calculator" */ = {
			isa = XCConfigurationList;
			buildConfigurations = (
				7DF7853E159CC7020076E8DE /* Debug */,
				7DF7853F159CC7020076E8DE /* Release */,
			);
			defaultConfigurationIsVisible = 0;
			defaultConfigurationName = Release;
		};
		7DF78540159CC7020076E8DE /* Build configuration list for PBXNativeTarget "Calculator" */ = {
			isa = XCConfigurationList;
			buildConfigurations = (
				7DF78541159CC7020076E8DE /* Debug */,
				7DF78542159CC7020076E8DE /* Release */,
			);
			defaultConfigurationIsVisible = 0;
		};
/* End XCConfigurationList section */
	};
	rootObject = 7DF78519159CC7020076E8DE /* Project object */;
}
